// !$*UTF8*$!
{
	archiveVersion = 1;
	classes = {
	};
	objectVersion = 50;
	objects = {

/* Begin PBXBuildFile section */
		8A0F86AF23DC54460024C807 /* TickerViewModel.swift in Sources */ = {isa = PBXBuildFile; fileRef = 8A0F86AE23DC54460024C807 /* TickerViewModel.swift */; };
		8A0F86B123DC59590024C807 /* TickerViewModelTests.swift in Sources */ = {isa = PBXBuildFile; fileRef = 8A0F86B023DC59590024C807 /* TickerViewModelTests.swift */; };
		8A0F86B423DC6BD30024C807 /* APIErrors.swift in Sources */ = {isa = PBXBuildFile; fileRef = 8A0F86B323DC6BD30024C807 /* APIErrors.swift */; };
		8A0F86B623DC6F6B0024C807 /* APIRequest.swift in Sources */ = {isa = PBXBuildFile; fileRef = 8A0F86B523DC6F6B0024C807 /* APIRequest.swift */; };
		8A0F86B923DC91550024C807 /* TestsHelper.swift in Sources */ = {isa = PBXBuildFile; fileRef = 8A0F86B823DC91550024C807 /* TestsHelper.swift */; };
		8A0F86BE23DC93A40024C807 /* PriceParsingTests.swift in Sources */ = {isa = PBXBuildFile; fileRef = 8A0F86BD23DC93A40024C807 /* PriceParsingTests.swift */; };
		8A2BB25D23DBEC4100D07F49 /* Price.swift in Sources */ = {isa = PBXBuildFile; fileRef = 8A2BB25C23DBEC4100D07F49 /* Price.swift */; };
		8A46A23223DB1917000700AE /* AppDelegate.swift in Sources */ = {isa = PBXBuildFile; fileRef = 8A46A23123DB1917000700AE /* AppDelegate.swift */; };
		8A46A23423DB1917000700AE /* SceneDelegate.swift in Sources */ = {isa = PBXBuildFile; fileRef = 8A46A23323DB1917000700AE /* SceneDelegate.swift */; };
		8A58878823DDD7CD008E2B4E /* EqualPrice.json in Resources */ = {isa = PBXBuildFile; fileRef = 8A58878723DDD7CD008E2B4E /* EqualPrice.json */; };
		8A58878A23DDD883008E2B4E /* SellPriceHigherThanLast.json in Resources */ = {isa = PBXBuildFile; fileRef = 8A58878923DDD883008E2B4E /* SellPriceHigherThanLast.json */; };
		8A58878C23DDD937008E2B4E /* BuyPriceHigherThanLast.json in Resources */ = {isa = PBXBuildFile; fileRef = 8A58878B23DDD937008E2B4E /* BuyPriceHigherThanLast.json */; };
		8A58878E23DDDA4B008E2B4E /* NegativeSpread.json in Resources */ = {isa = PBXBuildFile; fileRef = 8A58878D23DDDA4B008E2B4E /* NegativeSpread.json */; };
		8A58879023DDDB37008E2B4E /* LowestHighestPrice.json in Resources */ = {isa = PBXBuildFile; fileRef = 8A58878F23DDDB37008E2B4E /* LowestHighestPrice.json */; };
		8A5DCF8923DB2AE600B0BC1D /* TickerViewController.swift in Sources */ = {isa = PBXBuildFile; fileRef = 8A5DCF8823DB2AE600B0BC1D /* TickerViewController.swift */; };
		8A5DCF8C23DB311C00B0BC1D /* SnapKit.framework in Frameworks */ = {isa = PBXBuildFile; fileRef = 8A1FBADC23DB24480070279F /* SnapKit.framework */; };
		8A5DCF8D23DB311C00B0BC1D /* SnapKit.framework in Embed Frameworks */ = {isa = PBXBuildFile; fileRef = 8A1FBADC23DB24480070279F /* SnapKit.framework */; settings = {ATTRIBUTES = (CodeSignOnCopy, RemoveHeadersOnCopy, ); }; };
		8AB7BEB423DD23DA00C242A9 /* Ticker.json in Resources */ = {isa = PBXBuildFile; fileRef = 8AB7BEB323DD23DA00C242A9 /* Ticker.json */; };
		8ABF981D23DD46A70086E997 /* UILabelExtension.swift in Sources */ = {isa = PBXBuildFile; fileRef = 8ABF981C23DD46A70086E997 /* UILabelExtension.swift */; };
		8ABF981F23DD4B860086E997 /* BuyPriceView.swift in Sources */ = {isa = PBXBuildFile; fileRef = 8ABF981E23DD4B860086E997 /* BuyPriceView.swift */; };
		8ABF982123DD4C810086E997 /* PriceView.swift in Sources */ = {isa = PBXBuildFile; fileRef = 8ABF982023DD4C810086E997 /* PriceView.swift */; };
		8ABF982B23DD9E1A0086E997 /* UIColorExtension.swift in Sources */ = {isa = PBXBuildFile; fileRef = 8ABF982A23DD9E1A0086E997 /* UIColorExtension.swift */; };
		8ABF983323DDAA4C0086E997 /* UIFontExtension.swift in Sources */ = {isa = PBXBuildFile; fileRef = 8ABF983223DDAA4C0086E997 /* UIFontExtension.swift */; };
		8AECB24123DD24AB00B60D17 /* SellPriceView.swift in Sources */ = {isa = PBXBuildFile; fileRef = 8AECB24023DD24AB00B60D17 /* SellPriceView.swift */; };
		8AECB24323DD2FAA00B60D17 /* PriceDirection.swift in Sources */ = {isa = PBXBuildFile; fileRef = 8AECB24223DD2FAA00B60D17 /* PriceDirection.swift */; };
/* End PBXBuildFile section */

/* Begin PBXContainerItemProxy section */
		8A46A24523DB1919000700AE /* PBXContainerItemProxy */ = {
			isa = PBXContainerItemProxy;
			containerPortal = 8A46A22623DB1917000700AE /* Project object */;
			proxyType = 1;
			remoteGlobalIDString = 8A46A22D23DB1917000700AE;
			remoteInfo = TradeBitcoin;
		};
/* End PBXContainerItemProxy section */

/* Begin PBXCopyFilesBuildPhase section */
		8A5DCF8E23DB311C00B0BC1D /* Embed Frameworks */ = {
			isa = PBXCopyFilesBuildPhase;
			buildActionMask = 2147483647;
			dstPath = "";
			dstSubfolderSpec = 10;
			files = (
				8A5DCF8D23DB311C00B0BC1D /* SnapKit.framework in Embed Frameworks */,
			);
			name = "Embed Frameworks";
			runOnlyForDeploymentPostprocessing = 0;
		};
/* End PBXCopyFilesBuildPhase section */

/* Begin PBXFileReference section */
		8A0F86AE23DC54460024C807 /* TickerViewModel.swift */ = {isa = PBXFileReference; lastKnownFileType = sourcecode.swift; path = TickerViewModel.swift; sourceTree = "<group>"; };
		8A0F86B023DC59590024C807 /* TickerViewModelTests.swift */ = {isa = PBXFileReference; lastKnownFileType = sourcecode.swift; path = TickerViewModelTests.swift; sourceTree = "<group>"; };
		8A0F86B323DC6BD30024C807 /* APIErrors.swift */ = {isa = PBXFileReference; lastKnownFileType = sourcecode.swift; path = APIErrors.swift; sourceTree = "<group>"; };
		8A0F86B523DC6F6B0024C807 /* APIRequest.swift */ = {isa = PBXFileReference; lastKnownFileType = sourcecode.swift; path = APIRequest.swift; sourceTree = "<group>"; };
		8A0F86B823DC91550024C807 /* TestsHelper.swift */ = {isa = PBXFileReference; lastKnownFileType = sourcecode.swift; path = TestsHelper.swift; sourceTree = "<group>"; };
		8A0F86BD23DC93A40024C807 /* PriceParsingTests.swift */ = {isa = PBXFileReference; lastKnownFileType = sourcecode.swift; path = PriceParsingTests.swift; sourceTree = "<group>"; };
		8A1FBADC23DB24480070279F /* SnapKit.framework */ = {isa = PBXFileReference; lastKnownFileType = wrapper.framework; name = SnapKit.framework; path = Carthage/Build/iOS/SnapKit.framework; sourceTree = "<group>"; };
		8A2BB25C23DBEC4100D07F49 /* Price.swift */ = {isa = PBXFileReference; lastKnownFileType = sourcecode.swift; path = Price.swift; sourceTree = "<group>"; };
		8A46A22E23DB1917000700AE /* TradeBitcoin.app */ = {isa = PBXFileReference; explicitFileType = wrapper.application; includeInIndex = 0; path = TradeBitcoin.app; sourceTree = BUILT_PRODUCTS_DIR; };
		8A46A23123DB1917000700AE /* AppDelegate.swift */ = {isa = PBXFileReference; lastKnownFileType = sourcecode.swift; path = AppDelegate.swift; sourceTree = "<group>"; };
		8A46A23323DB1917000700AE /* SceneDelegate.swift */ = {isa = PBXFileReference; lastKnownFileType = sourcecode.swift; path = SceneDelegate.swift; sourceTree = "<group>"; };
		8A46A24423DB1919000700AE /* TradeBitcoinTests.xctest */ = {isa = PBXFileReference; explicitFileType = wrapper.cfbundle; includeInIndex = 0; path = TradeBitcoinTests.xctest; sourceTree = BUILT_PRODUCTS_DIR; };
		8A46A24A23DB1919000700AE /* Info.plist */ = {isa = PBXFileReference; lastKnownFileType = text.plist.xml; path = Info.plist; sourceTree = "<group>"; };
		8A58878723DDD7CD008E2B4E /* EqualPrice.json */ = {isa = PBXFileReference; lastKnownFileType = text.json; path = EqualPrice.json; sourceTree = "<group>"; };
		8A58878923DDD883008E2B4E /* SellPriceHigherThanLast.json */ = {isa = PBXFileReference; lastKnownFileType = text.json; path = SellPriceHigherThanLast.json; sourceTree = "<group>"; };
		8A58878B23DDD937008E2B4E /* BuyPriceHigherThanLast.json */ = {isa = PBXFileReference; lastKnownFileType = text.json; path = BuyPriceHigherThanLast.json; sourceTree = "<group>"; };
		8A58878D23DDDA4B008E2B4E /* NegativeSpread.json */ = {isa = PBXFileReference; lastKnownFileType = text.json; path = NegativeSpread.json; sourceTree = "<group>"; };
		8A58878F23DDDB37008E2B4E /* LowestHighestPrice.json */ = {isa = PBXFileReference; lastKnownFileType = text.json; path = LowestHighestPrice.json; sourceTree = "<group>"; };
		8A5DCF8823DB2AE600B0BC1D /* TickerViewController.swift */ = {isa = PBXFileReference; lastKnownFileType = sourcecode.swift; path = TickerViewController.swift; sourceTree = "<group>"; };
		8AB7BEB323DD23DA00C242A9 /* Ticker.json */ = {isa = PBXFileReference; fileEncoding = 4; lastKnownFileType = text.json; path = Ticker.json; sourceTree = "<group>"; };
		8ABF981C23DD46A70086E997 /* UILabelExtension.swift */ = {isa = PBXFileReference; lastKnownFileType = sourcecode.swift; path = UILabelExtension.swift; sourceTree = "<group>"; };
		8ABF981E23DD4B860086E997 /* BuyPriceView.swift */ = {isa = PBXFileReference; lastKnownFileType = sourcecode.swift; path = BuyPriceView.swift; sourceTree = "<group>"; };
		8ABF982023DD4C810086E997 /* PriceView.swift */ = {isa = PBXFileReference; lastKnownFileType = sourcecode.swift; path = PriceView.swift; sourceTree = "<group>"; };
		8ABF982623DD9C230086E997 /* LaunchScreen.storyboard */ = {isa = PBXFileReference; lastKnownFileType = file.storyboard; path = LaunchScreen.storyboard; sourceTree = "<group>"; };
		8ABF982723DD9C230086E997 /* Assets.xcassets */ = {isa = PBXFileReference; lastKnownFileType = folder.assetcatalog; path = Assets.xcassets; sourceTree = "<group>"; };
		8ABF982823DD9C230086E997 /* Info.plist */ = {isa = PBXFileReference; lastKnownFileType = text.plist.xml; path = Info.plist; sourceTree = "<group>"; };
		8ABF982A23DD9E1A0086E997 /* UIColorExtension.swift */ = {isa = PBXFileReference; lastKnownFileType = sourcecode.swift; path = UIColorExtension.swift; sourceTree = "<group>"; };
		8ABF983223DDAA4C0086E997 /* UIFontExtension.swift */ = {isa = PBXFileReference; lastKnownFileType = sourcecode.swift; path = UIFontExtension.swift; sourceTree = "<group>"; };
		8AECB24023DD24AB00B60D17 /* SellPriceView.swift */ = {isa = PBXFileReference; lastKnownFileType = sourcecode.swift; path = SellPriceView.swift; sourceTree = "<group>"; };
		8AECB24223DD2FAA00B60D17 /* PriceDirection.swift */ = {isa = PBXFileReference; lastKnownFileType = sourcecode.swift; path = PriceDirection.swift; sourceTree = "<group>"; };
/* End PBXFileReference section */

/* Begin PBXFrameworksBuildPhase section */
		8A46A22B23DB1917000700AE /* Frameworks */ = {
			isa = PBXFrameworksBuildPhase;
			buildActionMask = 2147483647;
			files = (
				8A5DCF8C23DB311C00B0BC1D /* SnapKit.framework in Frameworks */,
			);
			runOnlyForDeploymentPostprocessing = 0;
		};
		8A46A24123DB1919000700AE /* Frameworks */ = {
			isa = PBXFrameworksBuildPhase;
			buildActionMask = 2147483647;
			files = (
			);
			runOnlyForDeploymentPostprocessing = 0;
		};
/* End PBXFrameworksBuildPhase section */

/* Begin PBXGroup section */
		8A0F86B223DC6BB50024C807 /* API */ = {
			isa = PBXGroup;
			children = (
				8A0F86B323DC6BD30024C807 /* APIErrors.swift */,
				8A0F86B523DC6F6B0024C807 /* APIRequest.swift */,
			);
			path = API;
			sourceTree = "<group>";
		};
		8A0F86B723DC913A0024C807 /* TestsHelper */ = {
			isa = PBXGroup;
			children = (
				8A0F86B823DC91550024C807 /* TestsHelper.swift */,
			);
			path = TestsHelper;
			sourceTree = "<group>";
		};
		8A0F86BA23DC917D0024C807 /* TestsData */ = {
			isa = PBXGroup;
			children = (
				8AB7BEB323DD23DA00C242A9 /* Ticker.json */,
				8A58878B23DDD937008E2B4E /* BuyPriceHigherThanLast.json */,
				8A58878723DDD7CD008E2B4E /* EqualPrice.json */,
				8A58878F23DDDB37008E2B4E /* LowestHighestPrice.json */,
				8A58878D23DDDA4B008E2B4E /* NegativeSpread.json */,
				8A58878923DDD883008E2B4E /* SellPriceHigherThanLast.json */,
			);
			path = TestsData;
			sourceTree = "<group>";
		};
		8A46A22523DB1917000700AE = {
			isa = PBXGroup;
			children = (
				8A46A23023DB1917000700AE /* TradeBitcoin */,
				8ABF982523DD9C230086E997 /* SupportingFiles */,
				8A46A24723DB1919000700AE /* TradeBitcoinTests */,
				8A46A22F23DB1917000700AE /* Products */,
				8A1FBADC23DB24480070279F /* SnapKit.framework */,
			);
			sourceTree = "<group>";
		};
		8A46A22F23DB1917000700AE /* Products */ = {
			isa = PBXGroup;
			children = (
				8A46A22E23DB1917000700AE /* TradeBitcoin.app */,
				8A46A24423DB1919000700AE /* TradeBitcoinTests.xctest */,
			);
			name = Products;
			sourceTree = "<group>";
		};
		8A46A23023DB1917000700AE /* TradeBitcoin */ = {
			isa = PBXGroup;
			children = (
				8A46A23123DB1917000700AE /* AppDelegate.swift */,
				8A46A23323DB1917000700AE /* SceneDelegate.swift */,
				8A0F86B223DC6BB50024C807 /* API */,
				8ABF982923DD9DF10086E997 /* Extensions */,
				8ABF982C23DDA17B0086E997 /* Price */,
				8ABF982F23DDA1CD0086E997 /* Ticker */,
			);
			path = TradeBitcoin;
			sourceTree = "<group>";
		};
		8A46A24723DB1919000700AE /* TradeBitcoinTests */ = {
			isa = PBXGroup;
			children = (
				8A0F86BA23DC917D0024C807 /* TestsData */,
				8A0F86B723DC913A0024C807 /* TestsHelper */,
				8A0F86BD23DC93A40024C807 /* PriceParsingTests.swift */,
				8A0F86B023DC59590024C807 /* TickerViewModelTests.swift */,
				8A46A24A23DB1919000700AE /* Info.plist */,
			);
			path = TradeBitcoinTests;
			sourceTree = "<group>";
		};
		8ABF982523DD9C230086E997 /* SupportingFiles */ = {
			isa = PBXGroup;
			children = (
				8ABF982723DD9C230086E997 /* Assets.xcassets */,
				8ABF982823DD9C230086E997 /* Info.plist */,
				8ABF982623DD9C230086E997 /* LaunchScreen.storyboard */,
			);
			name = SupportingFiles;
			path = TradeBitcoin/SupportingFiles;
			sourceTree = "<group>";
		};
		8ABF982923DD9DF10086E997 /* Extensions */ = {
			isa = PBXGroup;
			children = (
				8ABF982A23DD9E1A0086E997 /* UIColorExtension.swift */,
				8ABF983223DDAA4C0086E997 /* UIFontExtension.swift */,
				8ABF981C23DD46A70086E997 /* UILabelExtension.swift */,
			);
			path = Extensions;
			sourceTree = "<group>";
		};
		8ABF982C23DDA17B0086E997 /* Price */ = {
			isa = PBXGroup;
			children = (
				8ABF982E23DDA18B0086E997 /* Models */,
				8ABF982D23DDA1840086E997 /* Views */,
			);
			path = Price;
			sourceTree = "<group>";
		};
		8ABF982D23DDA1840086E997 /* Views */ = {
			isa = PBXGroup;
			children = (
				8ABF981E23DD4B860086E997 /* BuyPriceView.swift */,
				8ABF982023DD4C810086E997 /* PriceView.swift */,
				8AECB24023DD24AB00B60D17 /* SellPriceView.swift */,
			);
			path = Views;
			sourceTree = "<group>";
		};
		8ABF982E23DDA18B0086E997 /* Models */ = {
			isa = PBXGroup;
			children = (
				8A2BB25C23DBEC4100D07F49 /* Price.swift */,
				8AECB24223DD2FAA00B60D17 /* PriceDirection.swift */,
			);
			path = Models;
			sourceTree = "<group>";
		};
		8ABF982F23DDA1CD0086E997 /* Ticker */ = {
			isa = PBXGroup;
			children = (
				8ABF983123DDA1E50086E997 /* ViewControllers */,
				8ABF983023DDA1DA0086E997 /* ViewModels */,
			);
			path = Ticker;
			sourceTree = "<group>";
		};
		8ABF983023DDA1DA0086E997 /* ViewModels */ = {
			isa = PBXGroup;
			children = (
				8A0F86AE23DC54460024C807 /* TickerViewModel.swift */,
			);
			path = ViewModels;
			sourceTree = "<group>";
		};
		8ABF983123DDA1E50086E997 /* ViewControllers */ = {
			isa = PBXGroup;
			children = (
				8A5DCF8823DB2AE600B0BC1D /* TickerViewController.swift */,
			);
			path = ViewControllers;
			sourceTree = "<group>";
		};
/* End PBXGroup section */

/* Begin PBXNativeTarget section */
		8A46A22D23DB1917000700AE /* TradeBitcoin */ = {
			isa = PBXNativeTarget;
			buildConfigurationList = 8A46A24D23DB1919000700AE /* Build configuration list for PBXNativeTarget "TradeBitcoin" */;
			buildPhases = (
				8A46A22A23DB1917000700AE /* Sources */,
				8A46A22B23DB1917000700AE /* Frameworks */,
				8A46A22C23DB1917000700AE /* Resources */,
				8A5DCF8E23DB311C00B0BC1D /* Embed Frameworks */,
			);
			buildRules = (
			);
			dependencies = (
			);
			name = TradeBitcoin;
			productName = TradeBitcoin;
			productReference = 8A46A22E23DB1917000700AE /* TradeBitcoin.app */;
			productType = "com.apple.product-type.application";
		};
		8A46A24323DB1919000700AE /* TradeBitcoinTests */ = {
			isa = PBXNativeTarget;
			buildConfigurationList = 8A46A25023DB1919000700AE /* Build configuration list for PBXNativeTarget "TradeBitcoinTests" */;
			buildPhases = (
				8A46A24023DB1919000700AE /* Sources */,
				8A46A24123DB1919000700AE /* Frameworks */,
				8A46A24223DB1919000700AE /* Resources */,
			);
			buildRules = (
			);
			dependencies = (
				8A46A24623DB1919000700AE /* PBXTargetDependency */,
			);
			name = TradeBitcoinTests;
			productName = TradeBitcoinTests;
			productReference = 8A46A24423DB1919000700AE /* TradeBitcoinTests.xctest */;
			productType = "com.apple.product-type.bundle.unit-test";
		};
/* End PBXNativeTarget section */

/* Begin PBXProject section */
		8A46A22623DB1917000700AE /* Project object */ = {
			isa = PBXProject;
			attributes = {
				LastSwiftUpdateCheck = 1130;
				LastUpgradeCheck = 1130;
				ORGANIZATIONNAME = "Alexey Zhilnikov";
				TargetAttributes = {
					8A46A22D23DB1917000700AE = {
						CreatedOnToolsVersion = 11.3.1;
					};
					8A46A24323DB1919000700AE = {
						CreatedOnToolsVersion = 11.3.1;
						TestTargetID = 8A46A22D23DB1917000700AE;
					};
				};
			};
			buildConfigurationList = 8A46A22923DB1917000700AE /* Build configuration list for PBXProject "TradeBitcoin" */;
			compatibilityVersion = "Xcode 9.3";
			developmentRegion = en;
			hasScannedForEncodings = 0;
			knownRegions = (
				en,
				Base,
			);
			mainGroup = 8A46A22523DB1917000700AE;
			productRefGroup = 8A46A22F23DB1917000700AE /* Products */;
			projectDirPath = "";
			projectRoot = "";
			targets = (
				8A46A22D23DB1917000700AE /* TradeBitcoin */,
				8A46A24323DB1919000700AE /* TradeBitcoinTests */,
			);
		};
/* End PBXProject section */

/* Begin PBXResourcesBuildPhase section */
		8A46A22C23DB1917000700AE /* Resources */ = {
			isa = PBXResourcesBuildPhase;
			buildActionMask = 2147483647;
			files = (
			);
			runOnlyForDeploymentPostprocessing = 0;
		};
		8A46A24223DB1919000700AE /* Resources */ = {
			isa = PBXResourcesBuildPhase;
			buildActionMask = 2147483647;
			files = (
				8A58878C23DDD937008E2B4E /* BuyPriceHigherThanLast.json in Resources */,
				8A58878A23DDD883008E2B4E /* SellPriceHigherThanLast.json in Resources */,
				8A58878823DDD7CD008E2B4E /* EqualPrice.json in Resources */,
				8AB7BEB423DD23DA00C242A9 /* Ticker.json in Resources */,
				8A58879023DDDB37008E2B4E /* LowestHighestPrice.json in Resources */,
				8A58878E23DDDA4B008E2B4E /* NegativeSpread.json in Resources */,
			);
			runOnlyForDeploymentPostprocessing = 0;
		};
/* End PBXResourcesBuildPhase section */

/* Begin PBXSourcesBuildPhase section */
		8A46A22A23DB1917000700AE /* Sources */ = {
			isa = PBXSourcesBuildPhase;
			buildActionMask = 2147483647;
			files = (
				8A2BB25D23DBEC4100D07F49 /* Price.swift in Sources */,
				8ABF981D23DD46A70086E997 /* UILabelExtension.swift in Sources */,
				8ABF982B23DD9E1A0086E997 /* UIColorExtension.swift in Sources */,
				8A0F86B623DC6F6B0024C807 /* APIRequest.swift in Sources */,
				8A46A23223DB1917000700AE /* AppDelegate.swift in Sources */,
				8A46A23423DB1917000700AE /* SceneDelegate.swift in Sources */,
				8AECB24123DD24AB00B60D17 /* SellPriceView.swift in Sources */,
				8A0F86AF23DC54460024C807 /* TickerViewModel.swift in Sources */,
				8A5DCF8923DB2AE600B0BC1D /* TickerViewController.swift in Sources */,
				8ABF982123DD4C810086E997 /* PriceView.swift in Sources */,
				8AECB24323DD2FAA00B60D17 /* PriceDirection.swift in Sources */,
				8ABF983323DDAA4C0086E997 /* UIFontExtension.swift in Sources */,
				8ABF981F23DD4B860086E997 /* BuyPriceView.swift in Sources */,
				8A0F86B423DC6BD30024C807 /* APIErrors.swift in Sources */,
			);
			runOnlyForDeploymentPostprocessing = 0;
		};
		8A46A24023DB1919000700AE /* Sources */ = {
			isa = PBXSourcesBuildPhase;
			buildActionMask = 2147483647;
			files = (
				8A0F86BE23DC93A40024C807 /* PriceParsingTests.swift in Sources */,
				8A0F86B123DC59590024C807 /* TickerViewModelTests.swift in Sources */,
				8A0F86B923DC91550024C807 /* TestsHelper.swift in Sources */,
			);
			runOnlyForDeploymentPostprocessing = 0;
		};
/* End PBXSourcesBuildPhase section */

/* Begin PBXTargetDependency section */
		8A46A24623DB1919000700AE /* PBXTargetDependency */ = {
			isa = PBXTargetDependency;
			target = 8A46A22D23DB1917000700AE /* TradeBitcoin */;
			targetProxy = 8A46A24523DB1919000700AE /* PBXContainerItemProxy */;
		};
/* End PBXTargetDependency section */

/* Begin XCBuildConfiguration section */
		8A46A24B23DB1919000700AE /* Debug */ = {
			isa = XCBuildConfiguration;
			buildSettings = {
				ALWAYS_SEARCH_USER_PATHS = NO;
				CLANG_ANALYZER_NONNULL = YES;
				CLANG_ANALYZER_NUMBER_OBJECT_CONVERSION = YES_AGGRESSIVE;
				CLANG_CXX_LANGUAGE_STANDARD = "gnu++14";
				CLANG_CXX_LIBRARY = "libc++";
				CLANG_ENABLE_MODULES = YES;
				CLANG_ENABLE_OBJC_ARC = YES;
				CLANG_ENABLE_OBJC_WEAK = YES;
				CLANG_WARN_BLOCK_CAPTURE_AUTORELEASING = YES;
				CLANG_WARN_BOOL_CONVERSION = YES;
				CLANG_WARN_COMMA = YES;
				CLANG_WARN_CONSTANT_CONVERSION = YES;
				CLANG_WARN_DEPRECATED_OBJC_IMPLEMENTATIONS = YES;
				CLANG_WARN_DIRECT_OBJC_ISA_USAGE = YES_ERROR;
				CLANG_WARN_DOCUMENTATION_COMMENTS = YES;
				CLANG_WARN_EMPTY_BODY = YES;
				CLANG_WARN_ENUM_CONVERSION = YES;
				CLANG_WARN_INFINITE_RECURSION = YES;
				CLANG_WARN_INT_CONVERSION = YES;
				CLANG_WARN_NON_LITERAL_NULL_CONVERSION = YES;
				CLANG_WARN_OBJC_IMPLICIT_RETAIN_SELF = YES;
				CLANG_WARN_OBJC_LITERAL_CONVERSION = YES;
				CLANG_WARN_OBJC_ROOT_CLASS = YES_ERROR;
				CLANG_WARN_RANGE_LOOP_ANALYSIS = YES;
				CLANG_WARN_STRICT_PROTOTYPES = YES;
				CLANG_WARN_SUSPICIOUS_MOVE = YES;
				CLANG_WARN_UNGUARDED_AVAILABILITY = YES_AGGRESSIVE;
				CLANG_WARN_UNREACHABLE_CODE = YES;
				CLANG_WARN__DUPLICATE_METHOD_MATCH = YES;
				COPY_PHASE_STRIP = NO;
				DEBUG_INFORMATION_FORMAT = dwarf;
				ENABLE_STRICT_OBJC_MSGSEND = YES;
				ENABLE_TESTABILITY = YES;
				GCC_C_LANGUAGE_STANDARD = gnu11;
				GCC_DYNAMIC_NO_PIC = NO;
				GCC_NO_COMMON_BLOCKS = YES;
				GCC_OPTIMIZATION_LEVEL = 0;
				GCC_PREPROCESSOR_DEFINITIONS = (
					"DEBUG=1",
					"$(inherited)",
				);
				GCC_WARN_64_TO_32_BIT_CONVERSION = YES;
				GCC_WARN_ABOUT_RETURN_TYPE = YES_ERROR;
				GCC_WARN_UNDECLARED_SELECTOR = YES;
				GCC_WARN_UNINITIALIZED_AUTOS = YES_AGGRESSIVE;
				GCC_WARN_UNUSED_FUNCTION = YES;
				GCC_WARN_UNUSED_VARIABLE = YES;
				IPHONEOS_DEPLOYMENT_TARGET = 13.2;
				MTL_ENABLE_DEBUG_INFO = INCLUDE_SOURCE;
				MTL_FAST_MATH = YES;
				ONLY_ACTIVE_ARCH = YES;
				SDKROOT = iphoneos;
				SWIFT_ACTIVE_COMPILATION_CONDITIONS = DEBUG;
				SWIFT_OPTIMIZATION_LEVEL = "-Onone";
			};
			name = Debug;
		};
		8A46A24C23DB1919000700AE /* Release */ = {
			isa = XCBuildConfiguration;
			buildSettings = {
				ALWAYS_SEARCH_USER_PATHS = NO;
				CLANG_ANALYZER_NONNULL = YES;
				CLANG_ANALYZER_NUMBER_OBJECT_CONVERSION = YES_AGGRESSIVE;
				CLANG_CXX_LANGUAGE_STANDARD = "gnu++14";
				CLANG_CXX_LIBRARY = "libc++";
				CLANG_ENABLE_MODULES = YES;
				CLANG_ENABLE_OBJC_ARC = YES;
				CLANG_ENABLE_OBJC_WEAK = YES;
				CLANG_WARN_BLOCK_CAPTURE_AUTORELEASING = YES;
				CLANG_WARN_BOOL_CONVERSION = YES;
				CLANG_WARN_COMMA = YES;
				CLANG_WARN_CONSTANT_CONVERSION = YES;
				CLANG_WARN_DEPRECATED_OBJC_IMPLEMENTATIONS = YES;
				CLANG_WARN_DIRECT_OBJC_ISA_USAGE = YES_ERROR;
				CLANG_WARN_DOCUMENTATION_COMMENTS = YES;
				CLANG_WARN_EMPTY_BODY = YES;
				CLANG_WARN_ENUM_CONVERSION = YES;
				CLANG_WARN_INFINITE_RECURSION = YES;
				CLANG_WARN_INT_CONVERSION = YES;
				CLANG_WARN_NON_LITERAL_NULL_CONVERSION = YES;
				CLANG_WARN_OBJC_IMPLICIT_RETAIN_SELF = YES;
				CLANG_WARN_OBJC_LITERAL_CONVERSION = YES;
				CLANG_WARN_OBJC_ROOT_CLASS = YES_ERROR;
				CLANG_WARN_RANGE_LOOP_ANALYSIS = YES;
				CLANG_WARN_STRICT_PROTOTYPES = YES;
				CLANG_WARN_SUSPICIOUS_MOVE = YES;
				CLANG_WARN_UNGUARDED_AVAILABILITY = YES_AGGRESSIVE;
				CLANG_WARN_UNREACHABLE_CODE = YES;
				CLANG_WARN__DUPLICATE_METHOD_MATCH = YES;
				COPY_PHASE_STRIP = NO;
				DEBUG_INFORMATION_FORMAT = "dwarf-with-dsym";
				ENABLE_NS_ASSERTIONS = NO;
				ENABLE_STRICT_OBJC_MSGSEND = YES;
				GCC_C_LANGUAGE_STANDARD = gnu11;
				GCC_NO_COMMON_BLOCKS = YES;
				GCC_WARN_64_TO_32_BIT_CONVERSION = YES;
				GCC_WARN_ABOUT_RETURN_TYPE = YES_ERROR;
				GCC_WARN_UNDECLARED_SELECTOR = YES;
				GCC_WARN_UNINITIALIZED_AUTOS = YES_AGGRESSIVE;
				GCC_WARN_UNUSED_FUNCTION = YES;
				GCC_WARN_UNUSED_VARIABLE = YES;
				IPHONEOS_DEPLOYMENT_TARGET = 13.2;
				MTL_ENABLE_DEBUG_INFO = NO;
				MTL_FAST_MATH = YES;
				SDKROOT = iphoneos;
				SWIFT_COMPILATION_MODE = wholemodule;
				SWIFT_OPTIMIZATION_LEVEL = "-O";
				VALIDATE_PRODUCT = YES;
			};
			name = Release;
		};
		8A46A24E23DB1919000700AE /* Debug */ = {
			isa = XCBuildConfiguration;
			buildSettings = {
				ASSETCATALOG_COMPILER_APPICON_NAME = AppIcon;
				CODE_SIGN_IDENTITY = "Apple Development";
				CODE_SIGN_STYLE = Automatic;
				DEVELOPMENT_TEAM = MKA9RVA5U8;
				FRAMEWORK_SEARCH_PATHS = (
					"$(inherited)",
					"$(PROJECT_DIR)/Carthage/Build/iOS",
				);
				INFOPLIST_FILE = TradeBitcoin/SupportingFiles/Info.plist;
				LD_RUNPATH_SEARCH_PATHS = (
					"$(inherited)",
					"@executable_path/Frameworks",
				);
				PRODUCT_BUNDLE_IDENTIFIER = az.com.TradeBitcoin;
				PRODUCT_NAME = "$(TARGET_NAME)";
				PROVISIONING_PROFILE_SPECIFIER = "";
				SWIFT_VERSION = 5.0;
				TARGETED_DEVICE_FAMILY = 1;
			};
			name = Debug;
		};
		8A46A24F23DB1919000700AE /* Release */ = {
			isa = XCBuildConfiguration;
			buildSettings = {
				ASSETCATALOG_COMPILER_APPICON_NAME = AppIcon;
				CODE_SIGN_IDENTITY = "Apple Development";
				CODE_SIGN_STYLE = Automatic;
				DEVELOPMENT_TEAM = MKA9RVA5U8;
				FRAMEWORK_SEARCH_PATHS = (
					"$(inherited)",
					"$(PROJECT_DIR)/Carthage/Build/iOS",
				);
				INFOPLIST_FILE = TradeBitcoin/SupportingFiles/Info.plist;
				LD_RUNPATH_SEARCH_PATHS = (
					"$(inherited)",
					"@executable_path/Frameworks",
				);
				PRODUCT_BUNDLE_IDENTIFIER = az.com.TradeBitcoin;
				PRODUCT_NAME = "$(TARGET_NAME)";
				PROVISIONING_PROFILE_SPECIFIER = "";
				SWIFT_VERSION = 5.0;
				TARGETED_DEVICE_FAMILY = 1;
			};
			name = Release;
		};
		8A46A25123DB1919000700AE /* Debug */ = {
			isa = XCBuildConfiguration;
			buildSettings = {
				ALWAYS_EMBED_SWIFT_STANDARD_LIBRARIES = YES;
				BUNDLE_LOADER = "$(TEST_HOST)";
				CODE_SIGN_STYLE = Automatic;
				INFOPLIST_FILE = TradeBitcoinTests/Info.plist;
				IPHONEOS_DEPLOYMENT_TARGET = 13.2;
				LD_RUNPATH_SEARCH_PATHS = (
					"$(inherited)",
					"@executable_path/Frameworks",
					"@loader_path/Frameworks",
				);
				PRODUCT_BUNDLE_IDENTIFIER = az.com.TradeBitcoinTests;
				PRODUCT_NAME = "$(TARGET_NAME)";
				SWIFT_VERSION = 5.0;
				TARGETED_DEVICE_FAMILY = "1,2";
				TEST_HOST = "$(BUILT_PRODUCTS_DIR)/TradeBitcoin.app/TradeBitcoin";
			};
			name = Debug;
		};
		8A46A25223DB1919000700AE /* Release */ = {
			isa = XCBuildConfiguration;
			buildSettings = {
				ALWAYS_EMBED_SWIFT_STANDARD_LIBRARIES = YES;
				BUNDLE_LOADER = "$(TEST_HOST)";
				CODE_SIGN_STYLE = Automatic;
				INFOPLIST_FILE = TradeBitcoinTests/Info.plist;
				IPHONEOS_DEPLOYMENT_TARGET = 13.2;
				LD_RUNPATH_SEARCH_PATHS = (
					"$(inherited)",
					"@executable_path/Frameworks",
					"@loader_path/Frameworks",
				);
				PRODUCT_BUNDLE_IDENTIFIER = az.com.TradeBitcoinTests;
				PRODUCT_NAME = "$(TARGET_NAME)";
				SWIFT_VERSION = 5.0;
				TARGETED_DEVICE_FAMILY = "1,2";
				TEST_HOST = "$(BUILT_PRODUCTS_DIR)/TradeBitcoin.app/TradeBitcoin";
			};
			name = Release;
		};
/* End XCBuildConfiguration section */

/* Begin XCConfigurationList section */
		8A46A22923DB1917000700AE /* Build configuration list for PBXProject "TradeBitcoin" */ = {
			isa = XCConfigurationList;
			buildConfigurations = (
				8A46A24B23DB1919000700AE /* Debug */,
				8A46A24C23DB1919000700AE /* Release */,
			);
			defaultConfigurationIsVisible = 0;
			defaultConfigurationName = Release;
		};
		8A46A24D23DB1919000700AE /* Build configuration list for PBXNativeTarget "TradeBitcoin" */ = {
			isa = XCConfigurationList;
			buildConfigurations = (
				8A46A24E23DB1919000700AE /* Debug */,
				8A46A24F23DB1919000700AE /* Release */,
			);
			defaultConfigurationIsVisible = 0;
			defaultConfigurationName = Release;
		};
		8A46A25023DB1919000700AE /* Build configuration list for PBXNativeTarget "TradeBitcoinTests" */ = {
			isa = XCConfigurationList;
			buildConfigurations = (
				8A46A25123DB1919000700AE /* Debug */,
				8A46A25223DB1919000700AE /* Release */,
			);
			defaultConfigurationIsVisible = 0;
			defaultConfigurationName = Release;
		};
/* End XCConfigurationList section */
	};
	rootObject = 8A46A22623DB1917000700AE /* Project object */;
}
